{
  "requires": true,
  "lockfileVersion": 1,
  "dependencies": {
    "escalantemenauth_tecsup": {
      "version": "0.0.1",
      "resolved": "https://registry.npmjs.org/escalantemenauth_tecsup/-/escalantemenauth_tecsup-0.0.1.tgz",
      "integrity": "sha512-rlD02iV36EZO1XFJsmCuoH1IY77KxbNPMAVfqVeqGpBgAkIOGRgk9nCDq8tng7h6vV+O7kvPPGJRqIW+HXP6sg==",
      "requires": {
        "underscore": "1.8.3"
      }
    },
    "underscore": {
      "version": "1.8.3",
      "resolved": "https://registry.npmjs.org/underscore/-/underscore-1.8.3.tgz",
      "integrity": "sha1-Tz+1OxBuYJf8+ctBCfKl6b36UCI="
    }
  }
}
